<?xml version="1.0" encoding="utf-8"?>
<Project ToolsVersion="4.0" xmlns="http://schemas.microsoft.com/developer/msbuild/2003">
  <ItemGroup>
    <Filter Include="Source Files">
      <UniqueIdentifier>{ed9a084a-0edf-4026-bdfa-014035724576}</UniqueIdentifier>
      <Extensions>cpp;c;cxx;rc;def;r;odl;idl;hpj;bat</Extensions>
    </Filter>
    <Filter Include="Header Files">
      <UniqueIdentifier>{404854e5-b347-4dbe-a890-f37fb7e501aa}</UniqueIdentifier>
      <Extensions>h;hpp;hxx;hm;inl</Extensions>
    </Filter>
  </ItemGroup>
  <ItemGroup>
    <ClCompile Include="ccomps.c">
      <Filter>Source Files</Filter>
    </ClCompile>
    <ClCompile Include="pack.c">
      <Filter>Source Files</Filter>
    </ClCompile>
  </ItemGroup>
  <ItemGroup>
    <ClInclude Include="pack.h">
      <Filter>Header Files</Filter>
    </ClInclude>
    <ClInclude Include="pointset.h">
      <Filter>Header Files</Filter>
    </ClInclude>
  </ItemGroup>
</Project>