<?xml version="1.0" encoding="utf-8"?>
<Project ToolsVersion="4.0" xmlns="http://schemas.microsoft.com/developer/msbuild/2003">
  <ItemGroup>
    <Filter Include="Source Files">
      <UniqueIdentifier>{068bc768-9018-468a-bfae-eb54b8963152}</UniqueIdentifier>
      <Extensions>cpp;c;cxx;rc;def;r;odl;idl;hpj;bat</Extensions>
    </Filter>
    <Filter Include="Header Files">
      <UniqueIdentifier>{8d106798-e7c6-4106-9b67-bdb4e720c21e}</UniqueIdentifier>
      <Extensions>h;hpp;hxx;hm;inl</Extensions>
    </Filter>
    <Filter Include="Ressource Files">
      <UniqueIdentifier>{b529bbc2-1eed-45f6-a532-713e9b1d3bcf}</UniqueIdentifier>
      <Extensions>.rc</Extensions>
    </Filter>
  </ItemGroup>
  <ItemGroup>
    <ClCompile Include="..\common.c">
      <Filter>Source Files</Filter>
    </ClCompile>
    <ClCompile Include="..\g.c">
      <Filter>Source Files</Filter>
    </ClCompile>
    <ClCompile Include="..\ws\mswin32\garray.c">
      <Filter>Source Files</Filter>
    </ClCompile>
    <ClCompile Include="..\ws\mswin32\gbutton.c">
      <Filter>Source Files</Filter>
    </ClCompile>
    <ClCompile Include="..\ws\mswin32\gcanvas.c">
      <Filter>Source Files</Filter>
    </ClCompile>
    <ClCompile Include="..\ws\mswin32\gcommon.c">
      <Filter>Source Files</Filter>
    </ClCompile>
    <ClCompile Include="..\ws\mswin32\glabel.c">
      <Filter>Source Files</Filter>
    </ClCompile>
    <ClCompile Include="..\ws\mswin32\gmenu.c">
      <Filter>Source Files</Filter>
    </ClCompile>
    <ClCompile Include="..\ws\mswin32\gpcanvas.c">
      <Filter>Source Files</Filter>
    </ClCompile>
    <ClCompile Include="..\ws\mswin32\gquery.c">
      <Filter>Source Files</Filter>
    </ClCompile>
    <ClCompile Include="..\ws\mswin32\gscroll.c">
      <Filter>Source Files</Filter>
    </ClCompile>
    <ClCompile Include="..\ws\mswin32\gtext.c">
      <Filter>Source Files</Filter>
    </ClCompile>
    <ClCompile Include="..\ws\mswin32\gview.c">
      <Filter>Source Files</Filter>
    </ClCompile>
    <ClCompile Include="..\mem.c">
      <Filter>Source Files</Filter>
    </ClCompile>
  </ItemGroup>
  <ItemGroup>
    <ClInclude Include="..\common.h">
      <Filter>Header Files</Filter>
    </ClInclude>
    <ClInclude Include="..\g.h">
      <Filter>Header Files</Filter>
    </ClInclude>
    <ClInclude Include="..\ws\mswin32\gcommon.h">
      <Filter>Header Files</Filter>
    </ClInclude>
    <ClInclude Include="..\mem.h">
      <Filter>Header Files</Filter>
    </ClInclude>
    <ClInclude Include="..\ws\mswin32\resource.h">
      <Filter>Header Files</Filter>
    </ClInclude>
  </ItemGroup>
  <ItemGroup>
    <ResourceCompile Include="..\ws\mswin32\lefty.rc">
      <Filter>Ressource Files</Filter>
    </ResourceCompile>
  </ItemGroup>
</Project>