
Microsoft Visual Studio Solution File, Format Version 12.00
# Visual Studio 2012
Project("{8BC9CEB8-8B4A-11D0-8D11-00A0C91BC942}") = "cdt", "..\lib\cdt\cdt.vcxproj", "{5F11333D-B535-4FC8-AFD1-01B845F9C398}"
EndProject
Project("{8BC9CEB8-8B4A-11D0-8D11-00A0C91BC942}") = "circogen", "..\lib\circogen\circogen.vcxproj", "{4679FF40-5E56-4FB5-91F0-F106DF0CEA9E}"
EndProject
Project("{8BC9CEB8-8B4A-11D0-8D11-00A0C91BC942}") = "common", "..\lib\common\common.vcxproj", "{783CF4B0-E76A-4A92-93E8-925C9398FA49}"
EndProject
Project("{8BC9CEB8-8B4A-11D0-8D11-00A0C91BC942}") = "dot", "..\cmd\dot\dot.vcxproj", "{EF01DB60-3CAA-4958-B5B3-A1F57FB1DC36}"
EndProject
Project("{8BC9CEB8-8B4A-11D0-8D11-00A0C91BC942}") = "dotgen", "..\lib\dotgen\dotgen.vcxproj", "{8CECFEB2-7850-4B30-AC03-E04F21BC5E3E}"
EndProject
Project("{8BC9CEB8-8B4A-11D0-8D11-00A0C91BC942}") = "fdpgen", "..\lib\fdpgen\fdpgen.vcxproj", "{5D9A61E7-60B1-48CC-ADC2-698FCAC28DEA}"
EndProject
Project("{8BC9CEB8-8B4A-11D0-8D11-00A0C91BC942}") = "gd", "..\lib\gd\gd.vcxproj", "{21ED3F25-DD94-4EC2-ACA4-1752544D73D5}"
EndProject
Project("{8BC9CEB8-8B4A-11D0-8D11-00A0C91BC942}") = "graph", "..\lib\graph\graph.vcxproj", "{25B0AA23-C073-4D0D-BCBA-8E57EF9103AD}"
EndProject
Project("{8BC9CEB8-8B4A-11D0-8D11-00A0C91BC942}") = "gvc", "..\lib\gvc\gvc.vcxproj", "{CBEE3920-20E7-4C18-B355-0D7FC66DC784}"
EndProject
Project("{8BC9CEB8-8B4A-11D0-8D11-00A0C91BC942}") = "neatogen", "..\lib\neatogen\neatogen.vcxproj", "{951B13C3-484A-4E05-93BA-4B0CD03C0ED9}"
EndProject
Project("{8BC9CEB8-8B4A-11D0-8D11-00A0C91BC942}") = "pack", "..\lib\pack\pack.vcxproj", "{48FFAFF4-39C1-4352-96A5-D890D5E4C707}"
EndProject
Project("{8BC9CEB8-8B4A-11D0-8D11-00A0C91BC942}") = "pathplan", "..\lib\pathplan\pathplan.vcxproj", "{DBC50E00-7214-4049-B8A7-4CC65811D8D5}"
EndProject
Project("{8BC9CEB8-8B4A-11D0-8D11-00A0C91BC942}") = "plugin", "..\lib\plugin\plugin.vcxproj", "{D007C850-67B3-4EBF-8421-916BC32BA40B}"
EndProject
Project("{8BC9CEB8-8B4A-11D0-8D11-00A0C91BC942}") = "twopigen", "..\lib\twopigen\twopigen.vcxproj", "{6ED016A7-B114-4CFA-ADB3-6F2619598677}"
EndProject
Project("{2150E333-8FDC-42A3-9474-1A3956D46DE8}") = "GraphVizLibDocs", "GraphVizLibDocs", "{A5927F4A-5A3D-412A-90DA-8FCD5BF93EC0}"
	ProjectSection(SolutionItems) = preProject
		..\GraphViz Library Documentation\A method for drawing directed graphs.pdf = ..\GraphViz Library Documentation\A method for drawing directed graphs.pdf
		..\GraphViz Library Documentation\Agraph library tutorial.pdf = ..\GraphViz Library Documentation\Agraph library tutorial.pdf
		..\GraphViz Library Documentation\agraph.pdf = ..\GraphViz Library Documentation\agraph.pdf
		..\GraphViz Library Documentation\An open graph visualization system and its applications to software engineering.pdf = ..\GraphViz Library Documentation\An open graph visualization system and its applications to software engineering.pdf
		..\GraphViz Library Documentation\Applications of Graph Visualization.ps = ..\GraphViz Library Documentation\Applications of Graph Visualization.ps
		..\GraphViz Library Documentation\Arrow Shapes.mht = ..\GraphViz Library Documentation\Arrow Shapes.mht
		..\GraphViz Library Documentation\cdt.pdf = ..\GraphViz Library Documentation\cdt.pdf
		..\GraphViz Library Documentation\CDT; A Container Data Type Library.pdf = ..\GraphViz Library Documentation\CDT; A Container Data Type Library.pdf
		..\GraphViz Library Documentation\CDT; A General and Efficient Container Data Type Library.ps = ..\GraphViz Library Documentation\CDT; A General and Efficient Container Data Type Library.ps
		..\GraphViz Library Documentation\Color Names.mht = ..\GraphViz Library Documentation\Color Names.mht
		..\GraphViz Library Documentation\Command-line Usage.mht = ..\GraphViz Library Documentation\Command-line Usage.mht
		..\GraphViz Library Documentation\dotguide.pdf = ..\GraphViz Library Documentation\dotguide.pdf
		..\GraphViz Library Documentation\dottyguide.pdf = ..\GraphViz Library Documentation\dottyguide.pdf
		..\GraphViz Library Documentation\expr.pdf = ..\GraphViz Library Documentation\expr.pdf
		..\GraphViz Library Documentation\Graph Attributes.mht = ..\GraphViz Library Documentation\Graph Attributes.mht
		..\GraphViz Library Documentation\graph.pdf = ..\GraphViz Library Documentation\graph.pdf
		..\GraphViz Library Documentation\Graphviz and Dynagraph - Static and Dynamic Graph Drawing Tools.pdf = ..\GraphViz Library Documentation\Graphviz and Dynagraph - Static and Dynamic Graph Drawing Tools.pdf
		..\GraphViz Library Documentation\Graphviz custom shapes.mht = ..\GraphViz Library Documentation\Graphviz custom shapes.mht
		..\GraphViz Library Documentation\Graphviz FAQ 2006-07-27.mht = ..\GraphViz Library Documentation\Graphviz FAQ 2006-07-27.mht
		..\GraphViz Library Documentation\Graphviz layered drawing.mht = ..\GraphViz Library Documentation\Graphviz layered drawing.mht
		..\GraphViz Library Documentation\leftyguide.pdf = ..\GraphViz Library Documentation\leftyguide.pdf
		..\GraphViz Library Documentation\neatoguide.pdf = ..\GraphViz Library Documentation\neatoguide.pdf
		..\GraphViz Library Documentation\Node Shapes.mht = ..\GraphViz Library Documentation\Node Shapes.mht
		..\GraphViz Library Documentation\On-line Hierarchical Graph Drawing.pdf = ..\GraphViz Library Documentation\On-line Hierarchical Graph Drawing.pdf
		..\GraphViz Library Documentation\Output Formats.mht = ..\GraphViz Library Documentation\Output Formats.mht
		..\GraphViz Library Documentation\pack.pdf = ..\GraphViz Library Documentation\pack.pdf
		..\GraphViz Library Documentation\pathplan.pdf = ..\GraphViz Library Documentation\pathplan.pdf
		..\GraphViz Library Documentation\The DOT Language.mht = ..\GraphViz Library Documentation\The DOT Language.mht
		..\GraphViz Library Documentation\Using Graphviz as a library.pdf = ..\GraphViz Library Documentation\Using Graphviz as a library.pdf
	EndProjectSection
EndProject
Project("{2150E333-8FDC-42A3-9474-1A3956D46DE8}") = "Documentation", "Documentation", "{3D7710C1-259F-4B24-8ED0-088952C4AA39}"
	ProjectSection(SolutionItems) = preProject
		..\_Documentation\cdtIncludeFileDependencies.dgml = ..\_Documentation\cdtIncludeFileDependencies.dgml
		..\_Documentation\pahplanIncludeFileDependencies.dgml = ..\_Documentation\pahplanIncludeFileDependencies.dgml
	EndProjectSection
EndProject
Project("{2150E333-8FDC-42A3-9474-1A3956D46DE8}") = "SampleGraphForTesting", "SampleGraphForTesting", "{F7A2E4DB-9624-418A-82BF-B0110EA3D0D2}"
	ProjectSection(SolutionItems) = preProject
		..\cmd\dot\SampleGraph\sample.gv = ..\cmd\dot\SampleGraph\sample.gv
		..\cmd\dot\SampleGraph\sample.svg = ..\cmd\dot\SampleGraph\sample.svg
	EndProjectSection
EndProject
Project("{2150E333-8FDC-42A3-9474-1A3956D46DE8}") = "denemeler", "denemeler", "{D88BA654-57C8-4DCC-93CF-D870B37FA990}"
EndProject
Project("{2150E333-8FDC-42A3-9474-1A3956D46DE8}") = "libs", "libs", "{24E118C9-D9F7-4740-B044-C37FDF9A0288}"
EndProject
Project("{2150E333-8FDC-42A3-9474-1A3956D46DE8}") = "exes", "exes", "{8318C8A3-A40D-406D-AC0E-A17CE30979A0}"
EndProject
Global
	GlobalSection(SolutionConfigurationPlatforms) = preSolution
		Debug|Win32 = Debug|Win32
		Release|Win32 = Release|Win32
	EndGlobalSection
	GlobalSection(ProjectConfigurationPlatforms) = postSolution
		{5F11333D-B535-4FC8-AFD1-01B845F9C398}.Debug|Win32.ActiveCfg = Debug|Win32
		{5F11333D-B535-4FC8-AFD1-01B845F9C398}.Debug|Win32.Build.0 = Debug|Win32
		{5F11333D-B535-4FC8-AFD1-01B845F9C398}.Release|Win32.ActiveCfg = Release|Win32
		{5F11333D-B535-4FC8-AFD1-01B845F9C398}.Release|Win32.Build.0 = Release|Win32
		{4679FF40-5E56-4FB5-91F0-F106DF0CEA9E}.Debug|Win32.ActiveCfg = Debug|Win32
		{4679FF40-5E56-4FB5-91F0-F106DF0CEA9E}.Debug|Win32.Build.0 = Debug|Win32
		{4679FF40-5E56-4FB5-91F0-F106DF0CEA9E}.Release|Win32.ActiveCfg = Release|Win32
		{4679FF40-5E56-4FB5-91F0-F106DF0CEA9E}.Release|Win32.Build.0 = Release|Win32
		{783CF4B0-E76A-4A92-93E8-925C9398FA49}.Debug|Win32.ActiveCfg = Debug|Win32
		{783CF4B0-E76A-4A92-93E8-925C9398FA49}.Debug|Win32.Build.0 = Debug|Win32
		{783CF4B0-E76A-4A92-93E8-925C9398FA49}.Release|Win32.ActiveCfg = Release|Win32
		{783CF4B0-E76A-4A92-93E8-925C9398FA49}.Release|Win32.Build.0 = Release|Win32
		{EF01DB60-3CAA-4958-B5B3-A1F57FB1DC36}.Debug|Win32.ActiveCfg = Debug|Win32
		{EF01DB60-3CAA-4958-B5B3-A1F57FB1DC36}.Debug|Win32.Build.0 = Debug|Win32
		{EF01DB60-3CAA-4958-B5B3-A1F57FB1DC36}.Release|Win32.ActiveCfg = Release|Win32
		{EF01DB60-3CAA-4958-B5B3-A1F57FB1DC36}.Release|Win32.Build.0 = Release|Win32
		{8CECFEB2-7850-4B30-AC03-E04F21BC5E3E}.Debug|Win32.ActiveCfg = Debug|Win32
		{8CECFEB2-7850-4B30-AC03-E04F21BC5E3E}.Debug|Win32.Build.0 = Debug|Win32
		{8CECFEB2-7850-4B30-AC03-E04F21BC5E3E}.Release|Win32.ActiveCfg = Release|Win32
		{8CECFEB2-7850-4B30-AC03-E04F21BC5E3E}.Release|Win32.Build.0 = Release|Win32
		{5D9A61E7-60B1-48CC-ADC2-698FCAC28DEA}.Debug|Win32.ActiveCfg = Debug|Win32
		{5D9A61E7-60B1-48CC-ADC2-698FCAC28DEA}.Debug|Win32.Build.0 = Debug|Win32
		{5D9A61E7-60B1-48CC-ADC2-698FCAC28DEA}.Release|Win32.ActiveCfg = Release|Win32
		{5D9A61E7-60B1-48CC-ADC2-698FCAC28DEA}.Release|Win32.Build.0 = Release|Win32
		{21ED3F25-DD94-4EC2-ACA4-1752544D73D5}.Debug|Win32.ActiveCfg = Debug|Win32
		{21ED3F25-DD94-4EC2-ACA4-1752544D73D5}.Debug|Win32.Build.0 = Debug|Win32
		{21ED3F25-DD94-4EC2-ACA4-1752544D73D5}.Release|Win32.ActiveCfg = Release|Win32
		{21ED3F25-DD94-4EC2-ACA4-1752544D73D5}.Release|Win32.Build.0 = Release|Win32
		{25B0AA23-C073-4D0D-BCBA-8E57EF9103AD}.Debug|Win32.ActiveCfg = Debug|Win32
		{25B0AA23-C073-4D0D-BCBA-8E57EF9103AD}.Debug|Win32.Build.0 = Debug|Win32
		{25B0AA23-C073-4D0D-BCBA-8E57EF9103AD}.Release|Win32.ActiveCfg = Release|Win32
		{25B0AA23-C073-4D0D-BCBA-8E57EF9103AD}.Release|Win32.Build.0 = Release|Win32
		{CBEE3920-20E7-4C18-B355-0D7FC66DC784}.Debug|Win32.ActiveCfg = Debug|Win32
		{CBEE3920-20E7-4C18-B355-0D7FC66DC784}.Debug|Win32.Build.0 = Debug|Win32
		{CBEE3920-20E7-4C18-B355-0D7FC66DC784}.Release|Win32.ActiveCfg = Release|Win32
		{CBEE3920-20E7-4C18-B355-0D7FC66DC784}.Release|Win32.Build.0 = Release|Win32
		{951B13C3-484A-4E05-93BA-4B0CD03C0ED9}.Debug|Win32.ActiveCfg = Debug|Win32
		{951B13C3-484A-4E05-93BA-4B0CD03C0ED9}.Debug|Win32.Build.0 = Debug|Win32
		{951B13C3-484A-4E05-93BA-4B0CD03C0ED9}.Release|Win32.ActiveCfg = Release|Win32
		{951B13C3-484A-4E05-93BA-4B0CD03C0ED9}.Release|Win32.Build.0 = Release|Win32
		{48FFAFF4-39C1-4352-96A5-D890D5E4C707}.Debug|Win32.ActiveCfg = Debug|Win32
		{48FFAFF4-39C1-4352-96A5-D890D5E4C707}.Debug|Win32.Build.0 = Debug|Win32
		{48FFAFF4-39C1-4352-96A5-D890D5E4C707}.Release|Win32.ActiveCfg = Release|Win32
		{48FFAFF4-39C1-4352-96A5-D890D5E4C707}.Release|Win32.Build.0 = Release|Win32
		{DBC50E00-7214-4049-B8A7-4CC65811D8D5}.Debug|Win32.ActiveCfg = Debug|Win32
		{DBC50E00-7214-4049-B8A7-4CC65811D8D5}.Debug|Win32.Build.0 = Debug|Win32
		{DBC50E00-7214-4049-B8A7-4CC65811D8D5}.Release|Win32.ActiveCfg = Release|Win32
		{DBC50E00-7214-4049-B8A7-4CC65811D8D5}.Release|Win32.Build.0 = Release|Win32
		{D007C850-67B3-4EBF-8421-916BC32BA40B}.Debug|Win32.ActiveCfg = Debug|Win32
		{D007C850-67B3-4EBF-8421-916BC32BA40B}.Debug|Win32.Build.0 = Debug|Win32
		{D007C850-67B3-4EBF-8421-916BC32BA40B}.Release|Win32.ActiveCfg = Release|Win32
		{D007C850-67B3-4EBF-8421-916BC32BA40B}.Release|Win32.Build.0 = Release|Win32
		{6ED016A7-B114-4CFA-ADB3-6F2619598677}.Debug|Win32.ActiveCfg = Debug|Win32
		{6ED016A7-B114-4CFA-ADB3-6F2619598677}.Debug|Win32.Build.0 = Debug|Win32
		{6ED016A7-B114-4CFA-ADB3-6F2619598677}.Release|Win32.ActiveCfg = Release|Win32
		{6ED016A7-B114-4CFA-ADB3-6F2619598677}.Release|Win32.Build.0 = Release|Win32
	EndGlobalSection
	GlobalSection(SolutionProperties) = preSolution
		HideSolutionNode = FALSE
	EndGlobalSection
	GlobalSection(NestedProjects) = preSolution
		{5F11333D-B535-4FC8-AFD1-01B845F9C398} = {24E118C9-D9F7-4740-B044-C37FDF9A0288}
		{4679FF40-5E56-4FB5-91F0-F106DF0CEA9E} = {24E118C9-D9F7-4740-B044-C37FDF9A0288}
		{783CF4B0-E76A-4A92-93E8-925C9398FA49} = {24E118C9-D9F7-4740-B044-C37FDF9A0288}
		{8CECFEB2-7850-4B30-AC03-E04F21BC5E3E} = {24E118C9-D9F7-4740-B044-C37FDF9A0288}
		{5D9A61E7-60B1-48CC-ADC2-698FCAC28DEA} = {24E118C9-D9F7-4740-B044-C37FDF9A0288}
		{21ED3F25-DD94-4EC2-ACA4-1752544D73D5} = {24E118C9-D9F7-4740-B044-C37FDF9A0288}
		{25B0AA23-C073-4D0D-BCBA-8E57EF9103AD} = {24E118C9-D9F7-4740-B044-C37FDF9A0288}
		{CBEE3920-20E7-4C18-B355-0D7FC66DC784} = {24E118C9-D9F7-4740-B044-C37FDF9A0288}
		{951B13C3-484A-4E05-93BA-4B0CD03C0ED9} = {24E118C9-D9F7-4740-B044-C37FDF9A0288}
		{48FFAFF4-39C1-4352-96A5-D890D5E4C707} = {24E118C9-D9F7-4740-B044-C37FDF9A0288}
		{DBC50E00-7214-4049-B8A7-4CC65811D8D5} = {24E118C9-D9F7-4740-B044-C37FDF9A0288}
		{D007C850-67B3-4EBF-8421-916BC32BA40B} = {24E118C9-D9F7-4740-B044-C37FDF9A0288}
		{6ED016A7-B114-4CFA-ADB3-6F2619598677} = {24E118C9-D9F7-4740-B044-C37FDF9A0288}
		{EF01DB60-3CAA-4958-B5B3-A1F57FB1DC36} = {8318C8A3-A40D-406D-AC0E-A17CE30979A0}
	EndGlobalSection
EndGlobal
